
Microsoft Visual Studio Solution File, Format Version 12.00
# Visual Studio Version 17
VisualStudioVersion = 17.3.32804.467
MinimumVisualStudioVersion = 10.0.40219.1
Project("{FAE04EC0-301F-11D3-BF4B-00C04F79EFBC}") = "EB-P5_GradeCalculation", "EB-P5_GradeCalculation.csproj", "{2EB7E789-60EB-49AC-9D82-CAC554CA9315}"
EndProject
Global
	GlobalSection(SolutionConfigurationPlatforms) = preSolution
		Debug|Any CPU = Debug|Any CPU
		Release|Any CPU = Release|Any CPU
	EndGlobalSection
	GlobalSection(ProjectConfigurationPlatforms) = postSolution
		{2EB7E789-60EB-49AC-9D82-CAC554CA9315}.Debug|Any CPU.ActiveCfg = Debug|Any CPU
		{2EB7E789-60EB-49AC-9D82-CAC554CA9315}.Debug|Any CPU.Build.0 = Debug|Any CPU
		{2EB7E789-60EB-49AC-9D82-CAC554CA9315}.Release|Any CPU.ActiveCfg = Release|Any CPU
		{2EB7E789-60EB-49AC-9D82-CAC554CA9315}.Release|Any CPU.Build.0 = Release|Any CPU
	EndGlobalSection
	GlobalSection(SolutionProperties) = preSolution
		HideSolutionNode = FALSE
	EndGlobalSection
	GlobalSection(ExtensibilityGlobals) = postSolution
		SolutionGuid = {9BAA0973-7CDA-4486-AD04-26505BEE0FB2}
	EndGlobalSection
EndGlobal
